# THIS IS AN AUTOGENERATED FILE. DO NOT EDIT THIS FILE DIRECTLY.
# yarn lockfile v1


json@^11.0.0:
  version "11.0.0"
  resolved "https://registry.yarnpkg.com/json/-/json-11.0.0.tgz#2e84493134e2f42c131165aa22a124df38b3a3ee"
  integrity sha512-N/ITv3Yw9Za8cGxuQqSqrq6RHnlaHWZkAFavcfpH/R52522c26EbihMxnY7A1chxfXJ4d+cEFIsyTgfi9GihrA==
